
Microsoft Visual Studio Solution File, Format Version 12.00
# Visual Studio Version 16
VisualStudioVersion = 16.0.32929.386
MinimumVisualStudioVersion = 10.0.40219.1
Project("{FAE04EC0-301F-11D3-BF4B-00C04F79EFBC}") = "Lambda_Expressions_mod6", "Lambda_Expressions_mod6.csproj", "{44313EBA-82CA-472F-A65B-181273175A62}"
EndProject
Global
	GlobalSection(SolutionConfigurationPlatforms) = preSolution
		Debug|Any CPU = Debug|Any CPU
		Release|Any CPU = Release|Any CPU
	EndGlobalSection
	GlobalSection(ProjectConfigurationPlatforms) = postSolution
		{44313EBA-82CA-472F-A65B-181273175A62}.Debug|Any CPU.ActiveCfg = Debug|Any CPU
		{44313EBA-82CA-472F-A65B-181273175A62}.Debug|Any CPU.Build.0 = Debug|Any CPU
		{44313EBA-82CA-472F-A65B-181273175A62}.Release|Any CPU.ActiveCfg = Release|Any CPU
		{44313EBA-82CA-472F-A65B-181273175A62}.Release|Any CPU.Build.0 = Release|Any CPU
	EndGlobalSection
	GlobalSection(SolutionProperties) = preSolution
		HideSolutionNode = FALSE
	EndGlobalSection
	GlobalSection(ExtensibilityGlobals) = postSolution
		SolutionGuid = {1CC02754-8D2F-46EE-B815-8D1A25AFF73A}
	EndGlobalSection
EndGlobal
