
Microsoft Visual Studio Solution File, Format Version 12.00
# Visual Studio Version 16
VisualStudioVersion = 16.0.32929.386
MinimumVisualStudioVersion = 10.0.40219.1
Project("{FAE04EC0-301F-11D3-BF4B-00C04F79EFBC}") = "module4_Calling_Methods", "module4_Calling_Methods.csproj", "{ABE6EDEA-D80C-4B30-BCB6-19C2084C74F7}"
EndProject
Global
	GlobalSection(SolutionConfigurationPlatforms) = preSolution
		Debug|Any CPU = Debug|Any CPU
		Release|Any CPU = Release|Any CPU
	EndGlobalSection
	GlobalSection(ProjectConfigurationPlatforms) = postSolution
		{ABE6EDEA-D80C-4B30-BCB6-19C2084C74F7}.Debug|Any CPU.ActiveCfg = Debug|Any CPU
		{ABE6EDEA-D80C-4B30-BCB6-19C2084C74F7}.Debug|Any CPU.Build.0 = Debug|Any CPU
		{ABE6EDEA-D80C-4B30-BCB6-19C2084C74F7}.Release|Any CPU.ActiveCfg = Release|Any CPU
		{ABE6EDEA-D80C-4B30-BCB6-19C2084C74F7}.Release|Any CPU.Build.0 = Release|Any CPU
	EndGlobalSection
	GlobalSection(SolutionProperties) = preSolution
		HideSolutionNode = FALSE
	EndGlobalSection
	GlobalSection(ExtensibilityGlobals) = postSolution
		SolutionGuid = {88427A94-75FB-4343-92B0-8DBA126170B5}
	EndGlobalSection
EndGlobal
