
Microsoft Visual Studio Solution File, Format Version 12.00
# Visual Studio Version 16
VisualStudioVersion = 16.0.32929.386
MinimumVisualStudioVersion = 10.0.40219.1
Project("{FAE04EC0-301F-11D3-BF4B-00C04F79EFBC}") = "Date_Time_Assignmentmod7", "Date_Time_Assignmentmod7.csproj", "{328F33C4-3542-46FC-B7DE-C08CB34FE5AA}"
EndProject
Global
	GlobalSection(SolutionConfigurationPlatforms) = preSolution
		Debug|Any CPU = Debug|Any CPU
		Release|Any CPU = Release|Any CPU
	EndGlobalSection
	GlobalSection(ProjectConfigurationPlatforms) = postSolution
		{328F33C4-3542-46FC-B7DE-C08CB34FE5AA}.Debug|Any CPU.ActiveCfg = Debug|Any CPU
		{328F33C4-3542-46FC-B7DE-C08CB34FE5AA}.Debug|Any CPU.Build.0 = Debug|Any CPU
		{328F33C4-3542-46FC-B7DE-C08CB34FE5AA}.Release|Any CPU.ActiveCfg = Release|Any CPU
		{328F33C4-3542-46FC-B7DE-C08CB34FE5AA}.Release|Any CPU.Build.0 = Release|Any CPU
	EndGlobalSection
	GlobalSection(SolutionProperties) = preSolution
		HideSolutionNode = FALSE
	EndGlobalSection
	GlobalSection(ExtensibilityGlobals) = postSolution
		SolutionGuid = {7AC737A9-5167-4285-899E-F00B04729754}
	EndGlobalSection
EndGlobal
