
Microsoft Visual Studio Solution File, Format Version 12.00
# Visual Studio Version 16
VisualStudioVersion = 16.0.32929.386
MinimumVisualStudioVersion = 10.0.40219.1
Project("{FAE04EC0-301F-11D3-BF4B-00C04F79EFBC}") = "NewsLetterNBC", "NewsLetterNBC.csproj", "{75BC9657-6065-4547-8288-22EE46D1082C}"
EndProject
Global
	GlobalSection(SolutionConfigurationPlatforms) = preSolution
		Debug|Any CPU = Debug|Any CPU
		Release|Any CPU = Release|Any CPU
	EndGlobalSection
	GlobalSection(ProjectConfigurationPlatforms) = postSolution
		{75BC9657-6065-4547-8288-22EE46D1082C}.Debug|Any CPU.ActiveCfg = Debug|Any CPU
		{75BC9657-6065-4547-8288-22EE46D1082C}.Debug|Any CPU.Build.0 = Debug|Any CPU
		{75BC9657-6065-4547-8288-22EE46D1082C}.Release|Any CPU.ActiveCfg = Release|Any CPU
		{75BC9657-6065-4547-8288-22EE46D1082C}.Release|Any CPU.Build.0 = Release|Any CPU
	EndGlobalSection
	GlobalSection(SolutionProperties) = preSolution
		HideSolutionNode = FALSE
	EndGlobalSection
	GlobalSection(ExtensibilityGlobals) = postSolution
		SolutionGuid = {3F76D017-170C-4F59-A77C-848617844128}
	EndGlobalSection
EndGlobal
